{
  "name": "simpledice",
  "version": "1.0.2",
  "lockfileVersion": 3,
  "requires": true,
  "packages": {
    "": {
      "name": "simpledice",
      "version": "1.0.2",
      "license": "MIT",
      "dependencies": {
        "simpledice": "^1.0.2"
      }
    },
    "node_modules/simpledice": {
      "version": "1.0.2",
      "resolved": "https://registry.npmjs.org/simpledice/-/simpledice-1.0.2.tgz",
      "integrity": "sha512-MtLeMTLsMYqnV0D8WpK7QKFwk8IEWr09RHbtsdh0yqUpYH2XXDSwUlXuA4DGAnUsfffJbiwL/OWQYzyG2cu4pg=="
    }
  }
}
